// !$*UTF8*$!
{
	archiveVersion = 1;
	classes = {
	};
	objectVersion = 46;
	objects = {

/* Begin PBXBuildFile section */
		BAF5E55F1A2A5DB50080DFBD /* main.m in Sources */ = {isa = PBXBuildFile; fileRef = BAF5E55E1A2A5DB50080DFBD /* main.m */; };
		BAF5E5621A2A5DB50080DFBD /* AppDelegate.m in Sources */ = {isa = PBXBuildFile; fileRef = BAF5E5611A2A5DB50080DFBD /* AppDelegate.m */; };
		BAF5E5651A2A5DB50080DFBD /* MasterViewController.m in Sources */ = {isa = PBXBuildFile; fileRef = BAF5E5641A2A5DB50080DFBD /* MasterViewController.m */; };
		BAF5E5681A2A5DB50080DFBD /* DetailViewController.m in Sources */ = {isa = PBXBuildFile; fileRef = BAF5E5671A2A5DB50080DFBD /* DetailViewController.m */; };
		BAF5E56B1A2A5DB50080DFBD /* Main.storyboard in Resources */ = {isa = PBXBuildFile; fileRef = BAF5E5691A2A5DB50080DFBD /* Main.storyboard */; };
		BAF5E56D1A2A5DB50080DFBD /* Images.xcassets in Resources */ = {isa = PBXBuildFile; fileRef = BAF5E56C1A2A5DB50080DFBD /* Images.xcassets */; };
		BAF5E5701A2A5DB50080DFBD /* LaunchScreen.xib in Resources */ = {isa = PBXBuildFile; fileRef = BAF5E56E1A2A5DB50080DFBD /* LaunchScreen.xib */; };
		BAF5E57C1A2A5DB60080DFBD /* TestTests.m in Sources */ = {isa = PBXBuildFile; fileRef = BAF5E57B1A2A5DB60080DFBD /* TestTests.m */; };
/* End PBXBuildFile section */

/* Begin PBXContainerItemProxy section */
		BAF5E5761A2A5DB60080DFBD /* PBXContainerItemProxy */ = {
			isa = PBXContainerItemProxy;
			containerPortal = BAF5E5511A2A5DB50080DFBD /* Project object */;
			proxyType = 1;
			remoteGlobalIDString = BAF5E5581A2A5DB50080DFBD;
			remoteInfo = Test;
		};
/* End PBXContainerItemProxy section */

/* Begin PBXFileReference section */
		BAF5E5591A2A5DB50080DFBD /* Test.app */ = {isa = PBXFileReference; explicitFileType = wrapper.application; includeInIndex = 0; path = Test.app; sourceTree = BUILT_PRODUCTS_DIR; };
		BAF5E55D1A2A5DB50080DFBD /* Info.plist */ = {isa = PBXFileReference; lastKnownFileType = text.plist.xml; path = Info.plist; sourceTree = "<group>"; };
		BAF5E55E1A2A5DB50080DFBD /* main.m */ = {isa = PBXFileReference; lastKnownFileType = sourcecode.c.objc; path = main.m; sourceTree = "<group>"; };
		BAF5E5601A2A5DB50080DFBD /* AppDelegate.h */ = {isa = PBXFileReference; lastKnownFileType = sourcecode.c.h; path = AppDelegate.h; sourceTree = "<group>"; };
		BAF5E5611A2A5DB50080DFBD /* AppDelegate.m */ = {isa = PBXFileReference; lastKnownFileType = sourcecode.c.objc; path = AppDelegate.m; sourceTree = "<group>"; };
		BAF5E5631A2A5DB50080DFBD /* MasterViewController.h */ = {isa = PBXFileReference; lastKnownFileType = sourcecode.c.h; path = MasterViewController.h; sourceTree = "<group>"; };
		BAF5E5641A2A5DB50080DFBD /* MasterViewController.m */ = {isa = PBXFileReference; lastKnownFileType = sourcecode.c.objc; path = MasterViewController.m; sourceTree = "<group>"; };
		BAF5E5661A2A5DB50080DFBD /* DetailViewController.h */ = {isa = PBXFileReference; lastKnownFileType = sourcecode.c.h; path = DetailViewController.h; sourceTree = "<group>"; };
		BAF5E5671A2A5DB50080DFBD /* DetailViewController.m */ = {isa = PBXFileReference; lastKnownFileType = sourcecode.c.objc; path = DetailViewController.m; sourceTree = "<group>"; };
		BAF5E56A1A2A5DB50080DFBD /* Base */ = {isa = PBXFileReference; lastKnownFileType = file.storyboard; name = Base; path = Base.lproj/Main.storyboard; sourceTree = "<group>"; };
		BAF5E56C1A2A5DB50080DFBD /* Images.xcassets */ = {isa = PBXFileReference; lastKnownFileType = folder.assetcatalog; path = Images.xcassets; sourceTree = "<group>"; };
		BAF5E56F1A2A5DB50080DFBD /* Base */ = {isa = PBXFileReference; lastKnownFileType = file.xib; name = Base; path = Base.lproj/LaunchScreen.xib; sourceTree = "<group>"; };
		BAF5E5751A2A5DB60080DFBD /* TestTests.xctest */ = {isa = PBXFileReference; explicitFileType = wrapper.cfbundle; includeInIndex = 0; path = TestTests.xctest; sourceTree = BUILT_PRODUCTS_DIR; };
		BAF5E57A1A2A5DB60080DFBD /* Info.plist */ = {isa = PBXFileReference; lastKnownFileType = text.plist.xml; path = Info.plist; sourceTree = "<group>"; };
		BAF5E57B1A2A5DB60080DFBD /* TestTests.m */ = {isa = PBXFileReference; lastKnownFileType = sourcecode.c.objc; path = TestTests.m; sourceTree = "<group>"; };
/* End PBXFileReference section */

/* Begin PBXFrameworksBuildPhase section */
		BAF5E5561A2A5DB50080DFBD /* Frameworks */ = {
			isa = PBXFrameworksBuildPhase;
			buildActionMask = 2147483647;
			files = (
			);
			runOnlyForDeploymentPostprocessing = 0;
		};
		BAF5E5721A2A5DB60080DFBD /* Frameworks */ = {
			isa = PBXFrameworksBuildPhase;
			buildActionMask = 2147483647;
			files = (
			);
			runOnlyForDeploymentPostprocessing = 0;
		};
/* End PBXFrameworksBuildPhase section */

/* Begin PBXGroup section */
		BAF5E5501A2A5DB50080DFBD = {
			isa = PBXGroup;
			children = (
				BAF5E55B1A2A5DB50080DFBD /* Test */,
				BAF5E5781A2A5DB60080DFBD /* TestTests */,
				BAF5E55A1A2A5DB50080DFBD /* Products */,
			);
			sourceTree = "<group>";
		};
		BAF5E55A1A2A5DB50080DFBD /* Products */ = {
			isa = PBXGroup;
			children = (
				BAF5E5591A2A5DB50080DFBD /* Test.app */,
				BAF5E5751A2A5DB60080DFBD /* TestTests.xctest */,
			);
			name = Products;
			sourceTree = "<group>";
		};
		BAF5E55B1A2A5DB50080DFBD /* Test */ = {
			isa = PBXGroup;
			children = (
				BAF5E5601A2A5DB50080DFBD /* AppDelegate.h */,
				BAF5E5611A2A5DB50080DFBD /* AppDelegate.m */,
				BAF5E5631A2A5DB50080DFBD /* MasterViewController.h */,
				BAF5E5641A2A5DB50080DFBD /* MasterViewController.m */,
				BAF5E5661A2A5DB50080DFBD /* DetailViewController.h */,
				BAF5E5671A2A5DB50080DFBD /* DetailViewController.m */,
				BAF5E5691A2A5DB50080DFBD /* Main.storyboard */,
				BAF5E56C1A2A5DB50080DFBD /* Images.xcassets */,
				BAF5E56E1A2A5DB50080DFBD /* LaunchScreen.xib */,
				BAF5E55C1A2A5DB50080DFBD /* Supporting Files */,
			);
			path = Test;
			sourceTree = "<group>";
		};
		BAF5E55C1A2A5DB50080DFBD /* Supporting Files */ = {
			isa = PBXGroup;
			children = (
				BAF5E55D1A2A5DB50080DFBD /* Info.plist */,
				BAF5E55E1A2A5DB50080DFBD /* main.m */,
			);
			name = "Supporting Files";
			sourceTree = "<group>";
		};
		BAF5E5781A2A5DB60080DFBD /* TestTests */ = {
			isa = PBXGroup;
			children = (
				BAF5E57B1A2A5DB60080DFBD /* TestTests.m */,
				BAF5E5791A2A5DB60080DFBD /* Supporting Files */,
			);
			path = TestTests;
			sourceTree = "<group>";
		};
		BAF5E5791A2A5DB60080DFBD /* Supporting Files */ = {
			isa = PBXGroup;
			children = (
				BAF5E57A1A2A5DB60080DFBD /* Info.plist */,
			);
			name = "Supporting Files";
			sourceTree = "<group>";
		};
/* End PBXGroup section */

/* Begin PBXNativeTarget section */
		BAF5E5581A2A5DB50080DFBD /* Test */ = {
			isa = PBXNativeTarget;
			buildConfigurationList = BAF5E57F1A2A5DB60080DFBD /* Build configuration list for PBXNativeTarget "Test" */;
			buildPhases = (
				BAF5E5551A2A5DB50080DFBD /* Sources */,
				BAF5E5561A2A5DB50080DFBD /* Frameworks */,
				BAF5E5571A2A5DB50080DFBD /* Resources */,
			);
			buildRules = (
			);
			dependencies = (
			);
			name = Test;
			productName = Test;
			productReference = BAF5E5591A2A5DB50080DFBD /* Test.app */;
			productType = "com.apple.product-type.application";
		};
		BAF5E5741A2A5DB60080DFBD /* TestTests */ = {
			isa = PBXNativeTarget;
			buildConfigurationList = BAF5E5821A2A5DB60080DFBD /* Build configuration list for PBXNativeTarget "TestTests" */;
			buildPhases = (
				BAF5E5711A2A5DB60080DFBD /* Sources */,
				BAF5E5721A2A5DB60080DFBD /* Frameworks */,
				BAF5E5731A2A5DB60080DFBD /* Resources */,
			);
			buildRules = (
			);
			dependencies = (
				BAF5E5771A2A5DB60080DFBD /* PBXTargetDependency */,
			);
			name = TestTests;
			productName = TestTests;
			productReference = BAF5E5751A2A5DB60080DFBD /* TestTests.xctest */;
			productType = "com.apple.product-type.bundle.unit-test";
		};
/* End PBXNativeTarget section */

/* Begin PBXProject section */
		BAF5E5511A2A5DB50080DFBD /* Project object */ = {
			isa = PBXProject;
			attributes = {
				LastUpgradeCheck = 0610;
				ORGANIZATIONNAME = "Xibin Gao";
				TargetAttributes = {
					BAF5E5581A2A5DB50080DFBD = {
						CreatedOnToolsVersion = 6.1;
					};
					BAF5E5741A2A5DB60080DFBD = {
						CreatedOnToolsVersion = 6.1;
						TestTargetID = BAF5E5581A2A5DB50080DFBD;
					};
				};
			};
			buildConfigurationList = BAF5E5541A2A5DB50080DFBD /* Build configuration list for PBXProject "Test" */;
			compatibilityVersion = "Xcode 3.2";
			developmentRegion = English;
			hasScannedForEncodings = 0;
			knownRegions = (
				en,
				Base,
			);
			mainGroup = BAF5E5501A2A5DB50080DFBD;
			productRefGroup = BAF5E55A1A2A5DB50080DFBD /* Products */;
			projectDirPath = "";
			projectRoot = "";
			targets = (
				BAF5E5581A2A5DB50080DFBD /* Test */,
				BAF5E5741A2A5DB60080DFBD /* TestTests */,
			);
		};
/* End PBXProject section */

/* Begin PBXResourcesBuildPhase section */
		BAF5E5571A2A5DB50080DFBD /* Resources */ = {
			isa = PBXResourcesBuildPhase;
			buildActionMask = 2147483647;
			files = (
				BAF5E56B1A2A5DB50080DFBD /* Main.storyboard in Resources */,
				BAF5E5701A2A5DB50080DFBD /* LaunchScreen.xib in Resources */,
				BAF5E56D1A2A5DB50080DFBD /* Images.xcassets in Resources */,
			);
			runOnlyForDeploymentPostprocessing = 0;
		};
		BAF5E5731A2A5DB60080DFBD /* Resources */ = {
			isa = PBXResourcesBuildPhase;
			buildActionMask = 2147483647;
			files = (
			);
			runOnlyForDeploymentPostprocessing = 0;
		};
/* End PBXResourcesBuildPhase section */

/* Begin PBXSourcesBuildPhase section */
		BAF5E5551A2A5DB50080DFBD /* Sources */ = {
			isa = PBXSourcesBuildPhase;
			buildActionMask = 2147483647;
			files = (
				BAF5E5621A2A5DB50080DFBD /* AppDelegate.m in Sources */,
				BAF5E5651A2A5DB50080DFBD /* MasterViewController.m in Sources */,
				BAF5E55F1A2A5DB50080DFBD /* main.m in Sources */,
				BAF5E5681A2A5DB50080DFBD /* DetailViewController.m in Sources */,
			);
			runOnlyForDeploymentPostprocessing = 0;
		};
		BAF5E5711A2A5DB60080DFBD /* Sources */ = {
			isa = PBXSourcesBuildPhase;
			buildActionMask = 2147483647;
			files = (
				BAF5E57C1A2A5DB60080DFBD /* TestTests.m in Sources */,
			);
			runOnlyForDeploymentPostprocessing = 0;
		};
/* End PBXSourcesBuildPhase section */

/* Begin PBXTargetDependency section */
		BAF5E5771A2A5DB60080DFBD /* PBXTargetDependency */ = {
			isa = PBXTargetDependency;
			target = BAF5E5581A2A5DB50080DFBD /* Test */;
			targetProxy = BAF5E5761A2A5DB60080DFBD /* PBXContainerItemProxy */;
		};
/* End PBXTargetDependency section */

/* Begin PBXVariantGroup section */
		BAF5E5691A2A5DB50080DFBD /* Main.storyboard */ = {
			isa = PBXVariantGroup;
			children = (
				BAF5E56A1A2A5DB50080DFBD /* Base */,
			);
			name = Main.storyboard;
			sourceTree = "<group>";
		};
		BAF5E56E1A2A5DB50080DFBD /* LaunchScreen.xib */ = {
			isa = PBXVariantGroup;
			children = (
				BAF5E56F1A2A5DB50080DFBD /* Base */,
			);
			name = LaunchScreen.xib;
			sourceTree = "<group>";
		};
/* End PBXVariantGroup section */

/* Begin XCBuildConfiguration section */
		BAF5E57D1A2A5DB60080DFBD /* Debug */ = {
			isa = XCBuildConfiguration;
			buildSettings = {
				ALWAYS_SEARCH_USER_PATHS = NO;
				CLANG_CXX_LANGUAGE_STANDARD = "gnu++0x";
				CLANG_CXX_LIBRARY = "libc++";
				CLANG_ENABLE_MODULES = YES;
				CLANG_ENABLE_OBJC_ARC = YES;
				CLANG_WARN_BOOL_CONVERSION = YES;
				CLANG_WARN_CONSTANT_CONVERSION = YES;
				CLANG_WARN_DIRECT_OBJC_ISA_USAGE = YES_ERROR;
				CLANG_WARN_EMPTY_BODY = YES;
				CLANG_WARN_ENUM_CONVERSION = YES;
				CLANG_WARN_INT_CONVERSION = YES;
				CLANG_WARN_OBJC_ROOT_CLASS = YES_ERROR;
				CLANG_WARN_UNREACHABLE_CODE = YES;
				CLANG_WARN__DUPLICATE_METHOD_MATCH = YES;
				"CODE_SIGN_IDENTITY[sdk=iphoneos*]" = "iPhone Developer";
				COPY_PHASE_STRIP = NO;
				ENABLE_STRICT_OBJC_MSGSEND = YES;
				GCC_C_LANGUAGE_STANDARD = gnu99;
				GCC_DYNAMIC_NO_PIC = NO;
				GCC_OPTIMIZATION_LEVEL = 0;
				GCC_PREPROCESSOR_DEFINITIONS = (
					"DEBUG=1",
					"$(inherited)",
				);
				GCC_SYMBOLS_PRIVATE_EXTERN = NO;
				GCC_WARN_64_TO_32_BIT_CONVERSION = YES;
				GCC_WARN_ABOUT_RETURN_TYPE = YES_ERROR;
				GCC_WARN_UNDECLARED_SELECTOR = YES;
				GCC_WARN_UNINITIALIZED_AUTOS = YES_AGGRESSIVE;
				GCC_WARN_UNUSED_FUNCTION = YES;
				GCC_WARN_UNUSED_VARIABLE = YES;
				IPHONEOS_DEPLOYMENT_TARGET = 8.1;
				MTL_ENABLE_DEBUG_INFO = YES;
				ONLY_ACTIVE_ARCH = YES;
				SDKROOT = iphoneos;
				TARGETED_DEVICE_FAMILY = "1,2";
			};
			name = Debug;
		};
		BAF5E57E1A2A5DB60080DFBD /* Release */ = {
			isa = XCBuildConfiguration;
			buildSettings = {
				ALWAYS_SEARCH_USER_PATHS = NO;
				CLANG_CXX_LANGUAGE_STANDARD = "gnu++0x";
				CLANG_CXX_LIBRARY = "libc++";
				CLANG_ENABLE_MODULES = YES;
				CLANG_ENABLE_OBJC_ARC = YES;
				CLANG_WARN_BOOL_CONVERSION = YES;
				CLANG_WARN_CONSTANT_CONVERSION = YES;
				CLANG_WARN_DIRECT_OBJC_ISA_USAGE = YES_ERROR;
				CLANG_WARN_EMPTY_BODY = YES;
				CLANG_WARN_ENUM_CONVERSION = YES;
				CLANG_WARN_INT_CONVERSION = YES;
				CLANG_WARN_OBJC_ROOT_CLASS = YES_ERROR;
				CLANG_WARN_UNREACHABLE_CODE = YES;
				CLANG_WARN__DUPLICATE_METHOD_MATCH = YES;
				"CODE_SIGN_IDENTITY[sdk=iphoneos*]" = "iPhone Developer";
				COPY_PHASE_STRIP = YES;
				ENABLE_NS_ASSERTIONS = NO;
				ENABLE_STRICT_OBJC_MSGSEND = YES;
				GCC_C_LANGUAGE_STANDARD = gnu99;
				GCC_WARN_64_TO_32_BIT_CONVERSION = YES;
				GCC_WARN_ABOUT_RETURN_TYPE = YES_ERROR;
				GCC_WARN_UNDECLARED_SELECTOR = YES;
				GCC_WARN_UNINITIALIZED_AUTOS = YES_AGGRESSIVE;
				GCC_WARN_UNUSED_FUNCTION = YES;
				GCC_WARN_UNUSED_VARIABLE = YES;
				IPHONEOS_DEPLOYMENT_TARGET = 8.1;
				MTL_ENABLE_DEBUG_INFO = NO;
				SDKROOT = iphoneos;
				TARGETED_DEVICE_FAMILY = "1,2";
				VALIDATE_PRODUCT = YES;
			};
			name = Release;
		};
		BAF5E5801A2A5DB60080DFBD /* Debug */ = {
			isa = XCBuildConfiguration;
			buildSettings = {
				ASSETCATALOG_COMPILER_APPICON_NAME = AppIcon;
				INFOPLIST_FILE = Test/Info.plist;
				LD_RUNPATH_SEARCH_PATHS = "$(inherited) @executable_path/Frameworks";
				PRODUCT_NAME = "$(TARGET_NAME)";
			};
			name = Debug;
		};
		BAF5E5811A2A5DB60080DFBD /* Release */ = {
			isa = XCBuildConfiguration;
			buildSettings = {
				ASSETCATALOG_COMPILER_APPICON_NAME = AppIcon;
				INFOPLIST_FILE = Test/Info.plist;
				LD_RUNPATH_SEARCH_PATHS = "$(inherited) @executable_path/Frameworks";
				PRODUCT_NAME = "$(TARGET_NAME)";
			};
			name = Release;
		};
		BAF5E5831A2A5DB60080DFBD /* Debug */ = {
			isa = XCBuildConfiguration;
			buildSettings = {
				BUNDLE_LOADER = "$(TEST_HOST)";
				FRAMEWORK_SEARCH_PATHS = (
					"$(SDKROOT)/Developer/Library/Frameworks",
					"$(inherited)",
				);
				GCC_PREPROCESSOR_DEFINITIONS = (
					"DEBUG=1",
					"$(inherited)",
				);
				INFOPLIST_FILE = TestTests/Info.plist;
				LD_RUNPATH_SEARCH_PATHS = "$(inherited) @executable_path/Frameworks @loader_path/Frameworks";
				PRODUCT_NAME = "$(TARGET_NAME)";
				TEST_HOST = "$(BUILT_PRODUCTS_DIR)/Test.app/Test";
			};
			name = Debug;
		};
		BAF5E5841A2A5DB60080DFBD /* Release */ = {
			isa = XCBuildConfiguration;
			buildSettings = {
				BUNDLE_LOADER = "$(TEST_HOST)";
				FRAMEWORK_SEARCH_PATHS = (
					"$(SDKROOT)/Developer/Library/Frameworks",
					"$(inherited)",
				);
				INFOPLIST_FILE = TestTests/Info.plist;
				LD_RUNPATH_SEARCH_PATHS = "$(inherited) @executable_path/Frameworks @loader_path/Frameworks";
				PRODUCT_NAME = "$(TARGET_NAME)";
				TEST_HOST = "$(BUILT_PRODUCTS_DIR)/Test.app/Test";
			};
			name = Release;
		};
/* End XCBuildConfiguration section */

/* Begin XCConfigurationList section */
		BAF5E5541A2A5DB50080DFBD /* Build configuration list for PBXProject "Test" */ = {
			isa = XCConfigurationList;
			buildConfigurations = (
				BAF5E57D1A2A5DB60080DFBD /* Debug */,
				BAF5E57E1A2A5DB60080DFBD /* Release */,
			);
			defaultConfigurationIsVisible = 0;
			defaultConfigurationName = Release;
		};
		BAF5E57F1A2A5DB60080DFBD /* Build configuration list for PBXNativeTarget "Test" */ = {
			isa = XCConfigurationList;
			buildConfigurations = (
				BAF5E5801A2A5DB60080DFBD /* Debug */,
				BAF5E5811A2A5DB60080DFBD /* Release */,
			);
			defaultConfigurationIsVisible = 0;
		};
		BAF5E5821A2A5DB60080DFBD /* Build configuration list for PBXNativeTarget "TestTests" */ = {
			isa = XCConfigurationList;
			buildConfigurations = (
				BAF5E5831A2A5DB60080DFBD /* Debug */,
				BAF5E5841A2A5DB60080DFBD /* Release */,
			);
			defaultConfigurationIsVisible = 0;
		};
/* End XCConfigurationList section */
	};
	rootObject = BAF5E5511A2A5DB50080DFBD /* Project object */;
}
